
Microsoft Visual Studio Solution File, Format Version 11.00
# Visual Studio 2010
Project("{8BC9CEB8-8B4A-11D0-8D11-00A0C91BC942}") = "vivid_for_win", "vivid_for_win.vcxproj", "{D32A9731-3352-4B4C-A572-C32892EF1A23}"
EndProject
Project("{8BC9CEB8-8B4A-11D0-8D11-00A0C91BC942}") = "vivid_dll", "..\vivid_dll\vivid_dll.vcxproj", "{F561D0C8-67A3-4237-9967-D283B8FF1E9B}"
EndProject
Project("{2150E333-8FDC-42A3-9474-1A3956D46DE8}") = "Code Examples", "Code Examples", "{D8CB17F3-B512-4DB3-BF5F-576C4FB7AC9F}"
EndProject
Project("{8BC9CEB8-8B4A-11D0-8D11-00A0C91BC942}") = "test_basic", "test_basic\test_basic.vcxproj", "{0A270C7F-63CF-4D04-BF05-FC4BCCA9E1C7}"
	ProjectSection(ProjectDependencies) = postProject
		{F561D0C8-67A3-4237-9967-D283B8FF1E9B} = {F561D0C8-67A3-4237-9967-D283B8FF1E9B}
	EndProjectSection
EndProject
Project("{8BC9CEB8-8B4A-11D0-8D11-00A0C91BC942}") = "test_pwdist", "..\test_pwdist\test_pwdist.vcxproj", "{B4389E7A-C365-42F5-BBBB-F8236D3B5293}"
EndProject
Global
	GlobalSection(SolutionConfigurationPlatforms) = preSolution
		Debug|Win32 = Debug|Win32
		Debug|x64 = Debug|x64
		Release|Win32 = Release|Win32
		Release|x64 = Release|x64
	EndGlobalSection
	GlobalSection(ProjectConfigurationPlatforms) = postSolution
		{D32A9731-3352-4B4C-A572-C32892EF1A23}.Debug|Win32.ActiveCfg = Release|Win32
		{D32A9731-3352-4B4C-A572-C32892EF1A23}.Debug|Win32.Build.0 = Release|Win32
		{D32A9731-3352-4B4C-A572-C32892EF1A23}.Debug|x64.ActiveCfg = Debug|x64
		{D32A9731-3352-4B4C-A572-C32892EF1A23}.Debug|x64.Build.0 = Debug|x64
		{D32A9731-3352-4B4C-A572-C32892EF1A23}.Release|Win32.ActiveCfg = Release|Win32
		{D32A9731-3352-4B4C-A572-C32892EF1A23}.Release|Win32.Build.0 = Release|Win32
		{D32A9731-3352-4B4C-A572-C32892EF1A23}.Release|x64.ActiveCfg = Release|x64
		{D32A9731-3352-4B4C-A572-C32892EF1A23}.Release|x64.Build.0 = Release|x64
		{F561D0C8-67A3-4237-9967-D283B8FF1E9B}.Debug|Win32.ActiveCfg = Debug|Win32
		{F561D0C8-67A3-4237-9967-D283B8FF1E9B}.Debug|Win32.Build.0 = Debug|Win32
		{F561D0C8-67A3-4237-9967-D283B8FF1E9B}.Debug|x64.ActiveCfg = Debug|x64
		{F561D0C8-67A3-4237-9967-D283B8FF1E9B}.Debug|x64.Build.0 = Debug|x64
		{F561D0C8-67A3-4237-9967-D283B8FF1E9B}.Release|Win32.ActiveCfg = Release|Win32
		{F561D0C8-67A3-4237-9967-D283B8FF1E9B}.Release|Win32.Build.0 = Release|Win32
		{F561D0C8-67A3-4237-9967-D283B8FF1E9B}.Release|x64.ActiveCfg = Release|x64
		{0A270C7F-63CF-4D04-BF05-FC4BCCA9E1C7}.Debug|Win32.ActiveCfg = Debug|Win32
		{0A270C7F-63CF-4D04-BF05-FC4BCCA9E1C7}.Debug|Win32.Build.0 = Debug|Win32
		{0A270C7F-63CF-4D04-BF05-FC4BCCA9E1C7}.Debug|x64.ActiveCfg = Debug|x64
		{0A270C7F-63CF-4D04-BF05-FC4BCCA9E1C7}.Debug|x64.Build.0 = Debug|x64
		{0A270C7F-63CF-4D04-BF05-FC4BCCA9E1C7}.Release|Win32.ActiveCfg = Release|Win32
		{0A270C7F-63CF-4D04-BF05-FC4BCCA9E1C7}.Release|Win32.Build.0 = Release|Win32
		{0A270C7F-63CF-4D04-BF05-FC4BCCA9E1C7}.Release|x64.ActiveCfg = Debug|x64
		{B4389E7A-C365-42F5-BBBB-F8236D3B5293}.Debug|Win32.ActiveCfg = Debug|Win32
		{B4389E7A-C365-42F5-BBBB-F8236D3B5293}.Debug|Win32.Build.0 = Debug|Win32
		{B4389E7A-C365-42F5-BBBB-F8236D3B5293}.Debug|x64.ActiveCfg = Debug|x64
		{B4389E7A-C365-42F5-BBBB-F8236D3B5293}.Release|Win32.ActiveCfg = Release|Win32
		{B4389E7A-C365-42F5-BBBB-F8236D3B5293}.Release|Win32.Build.0 = Release|Win32
		{B4389E7A-C365-42F5-BBBB-F8236D3B5293}.Release|x64.ActiveCfg = Release|x64
	EndGlobalSection
	GlobalSection(SolutionProperties) = preSolution
		HideSolutionNode = FALSE
	EndGlobalSection
	GlobalSection(NestedProjects) = preSolution
		{0A270C7F-63CF-4D04-BF05-FC4BCCA9E1C7} = {D8CB17F3-B512-4DB3-BF5F-576C4FB7AC9F}
		{B4389E7A-C365-42F5-BBBB-F8236D3B5293} = {D8CB17F3-B512-4DB3-BF5F-576C4FB7AC9F}
	EndGlobalSection
EndGlobal
