<?xml version="1.0" encoding="utf-8"?>
<Project ToolsVersion="4.0" xmlns="http://schemas.microsoft.com/developer/msbuild/2003">
  <ItemGroup>
    <Filter Include="Source Files">
      <UniqueIdentifier>{4FC737F1-C7A5-4376-A066-2A32D752A2FF}</UniqueIdentifier>
      <Extensions>cpp;c;cc;cxx;def;odl;idl;hpj;bat;asm;asmx</Extensions>
    </Filter>
    <Filter Include="Header Files">
      <UniqueIdentifier>{93995380-89BD-4b04-88EB-625FBE52EBFB}</UniqueIdentifier>
      <Extensions>h;hpp;hxx;hm;inl;inc;xsd</Extensions>
    </Filter>
    <Filter Include="Resource Files">
      <UniqueIdentifier>{67DA6AB6-F800-4c08-8B7A-83BB121AAD01}</UniqueIdentifier>
      <Extensions>rc;ico;cur;bmp;dlg;rc2;rct;bin;rgs;gif;jpg;jpeg;jpe;resx;tiff;tif;png;wav;mfcribbon-ms</Extensions>
    </Filter>
  </ItemGroup>
  <ItemGroup>
    <ClInclude Include="NumPyWrapper.hpp">
      <Filter>Source Files</Filter>
    </ClInclude>
    <ClInclude Include="DeviceMatrix.hpp">
      <Filter>Source Files</Filter>
    </ClInclude>
    <ClInclude Include="ContextOpenCL.h">
      <Filter>Source Files</Filter>
    </ClInclude>
    <ClInclude Include="OpenCLKernels.hpp">
      <Filter>Source Files</Filter>
    </ClInclude>
    <ClInclude Include="exceptions.hpp">
      <Filter>Source Files</Filter>
    </ClInclude>
    <ClInclude Include="PairwiseDistance.hpp">
      <Filter>Source Files</Filter>
    </ClInclude>
    <ClInclude Include="PairwiseDistanceLocal.hpp">
      <Filter>Source Files</Filter>
    </ClInclude>
    <ClInclude Include="PairwiseDistanceWrapper.hpp">
      <Filter>Source Files</Filter>
    </ClInclude>
    <ClInclude Include="OpenCLWrapper.hpp">
      <Filter>Source Files</Filter>
    </ClInclude>
    <ClInclude Include="FlexibleFilter.hpp">
      <Filter>Source Files</Filter>
    </ClInclude>
    <ClInclude Include="FlexibleFilterLocal.hpp">
      <Filter>Source Files</Filter>
    </ClInclude>
    <ClInclude Include="FlexibleFilterWrapper.hpp">
      <Filter>Source Files</Filter>
    </ClInclude>
    <ClInclude Include="fastexp.h">
      <Filter>Source Files</Filter>
    </ClInclude>
    <ClInclude Include="ConvolutionWrapper.hpp">
      <Filter>Source Files</Filter>
    </ClInclude>
    <ClInclude Include="Convolution.hpp">
      <Filter>Source Files</Filter>
    </ClInclude>
    <ClInclude Include="ConvolutionMCuda.hpp">
      <Filter>Source Files</Filter>
    </ClInclude>
    <ClInclude Include="BlockHistogram.hpp">
      <Filter>Source Files</Filter>
    </ClInclude>
    <ClInclude Include="BlockHistogramLocal.hpp">
      <Filter>Source Files</Filter>
    </ClInclude>
    <ClInclude Include="BlockHistogramWrapper.hpp">
      <Filter>Source Files</Filter>
    </ClInclude>
    <ClInclude Include="..\..\src\DeviceMatrixWrapper.hpp">
      <Filter>Source Files</Filter>
    </ClInclude>
  </ItemGroup>
  <ItemGroup>
    <ClCompile Include="NumPyWrapper.cpp">
      <Filter>Source Files</Filter>
    </ClCompile>
    <ClCompile Include="DeviceMatrix.cpp">
      <Filter>Source Files</Filter>
    </ClCompile>
    <ClCompile Include="OpenCLKernels.cpp">
      <Filter>Source Files</Filter>
    </ClCompile>
    <ClCompile Include="ContextOpenCL.cpp">
      <Filter>Source Files</Filter>
    </ClCompile>
    <ClCompile Include="exceptions.cpp">
      <Filter>Source Files</Filter>
    </ClCompile>
    <ClCompile Include="PairwiseDistance.cpp">
      <Filter>Source Files</Filter>
    </ClCompile>
    <ClCompile Include="PairwiseDistanceWrapper.cpp">
      <Filter>Source Files</Filter>
    </ClCompile>
    <ClCompile Include="OpenCLWrapper.cpp">
      <Filter>Source Files</Filter>
    </ClCompile>
    <ClCompile Include="FlexibleFilter.cpp">
      <Filter>Source Files</Filter>
    </ClCompile>
    <ClCompile Include="FlexibleFilterWrapper.cpp">
      <Filter>Source Files</Filter>
    </ClCompile>
    <ClCompile Include="ConvolutionWrapper.cpp">
      <Filter>Source Files</Filter>
    </ClCompile>
    <ClCompile Include="Convolution.cpp">
      <Filter>Source Files</Filter>
    </ClCompile>
    <ClCompile Include="ConvolutionMCuda.cpp">
      <Filter>Source Files</Filter>
    </ClCompile>
    <ClCompile Include="ConvolutionMCuda0.cpp">
      <Filter>Source Files</Filter>
    </ClCompile>
    <ClCompile Include="ConvolutionMCuda2.cpp">
      <Filter>Source Files</Filter>
    </ClCompile>
    <ClCompile Include="ConvolutionMCuda4.cpp">
      <Filter>Source Files</Filter>
    </ClCompile>
    <ClCompile Include="BlockHistogram.cpp">
      <Filter>Source Files</Filter>
    </ClCompile>
    <ClCompile Include="BlockHistogramWrapper.cpp">
      <Filter>Source Files</Filter>
    </ClCompile>
    <ClCompile Include="..\..\src\DeviceMatrixWrapper.cpp">
      <Filter>Source Files</Filter>
    </ClCompile>
    <ClCompile Include="..\..\src\_vivid.cpp">
      <Filter>Source Files</Filter>
    </ClCompile>
  </ItemGroup>
  <ItemGroup>
    <CudaCompile Include="PairwiseDistance.cu">
      <Filter>Source Files</Filter>
    </CudaCompile>
    <CudaCompile Include="FlexibleFilter.cu">
      <Filter>Source Files</Filter>
    </CudaCompile>
    <CudaCompile Include="Convolution.cu">
      <Filter>Source Files</Filter>
    </CudaCompile>
    <CudaCompile Include="BlockHistogram.cu">
      <Filter>Source Files</Filter>
    </CudaCompile>
  </ItemGroup>
  <ItemGroup>
    <None Include="do_convolution3.cl">
      <Filter>Source Files</Filter>
    </None>
    <None Include="do_convolution3_7.cl">
      <Filter>Source Files</Filter>
    </None>
    <None Include="do_convolution3_9.cl">
      <Filter>Source Files</Filter>
    </None>
    <None Include="do_convolution3_11.cl">
      <Filter>Source Files</Filter>
    </None>
    <None Include="do_convolution4.cl">
      <Filter>Source Files</Filter>
    </None>
    <None Include="do_convolution4_7.cl">
      <Filter>Source Files</Filter>
    </None>
    <None Include="do_convolution4_9.cl">
      <Filter>Source Files</Filter>
    </None>
    <None Include="do_convolution4_11.cl">
      <Filter>Source Files</Filter>
    </None>
    <None Include="do_convolution4_13.cl">
      <Filter>Source Files</Filter>
    </None>
    <None Include="do_convolution4_15.cl">
      <Filter>Source Files</Filter>
    </None>
    <None Include="do_convolution5.cl">
      <Filter>Source Files</Filter>
    </None>
    <None Include="do_convolution5_7.cl">
      <Filter>Source Files</Filter>
    </None>
    <None Include="do_convolution5_9.cl">
      <Filter>Source Files</Filter>
    </None>
    <None Include="do_convolution5_11.cl">
      <Filter>Source Files</Filter>
    </None>
    <None Include="argmaxKernel.cl">
      <Filter>Source Files</Filter>
    </None>
    <None Include="argminKernel.cl">
      <Filter>Source Files</Filter>
    </None>
    <None Include="blockwise_distance_kernel.cl">
      <Filter>Source Files</Filter>
    </None>
    <None Include="blockwise_filter_kernel.cl">
      <Filter>Source Files</Filter>
    </None>
    <None Include="cell_histogram_kernel.cl">
      <Filter>Source Files</Filter>
    </None>
    <None Include="cellHistogramKernel1.cl">
      <Filter>Source Files</Filter>
    </None>
    <None Include="cellHistogramKernel2.cl">
      <Filter>Source Files</Filter>
    </None>
    <None Include="do_convolution_complex_t0.cl">
      <Filter>Source Files</Filter>
    </None>
    <None Include="do_convolution_complex_t1.cl">
      <Filter>Source Files</Filter>
    </None>
    <None Include="do_convolution_complex_t1_7.cl">
      <Filter>Source Files</Filter>
    </None>
    <None Include="do_convolution_complex_t1_9.cl">
      <Filter>Source Files</Filter>
    </None>
    <None Include="do_convolution_complex_t1_11.cl">
      <Filter>Source Files</Filter>
    </None>
    <None Include="do_convolution0.cl">
      <Filter>Source Files</Filter>
    </None>
    <None Include="do_convolution1.cl">
      <Filter>Source Files</Filter>
    </None>
    <None Include="do_convolution2.cl">
      <Filter>Source Files</Filter>
    </None>
    <None Include="do_convolution2_10.cl">
      <Filter>Source Files</Filter>
    </None>
    <None Include="do_convolution2_12.cl">
      <Filter>Source Files</Filter>
    </None>
    <None Include="do_convolution2_14.cl">
      <Filter>Source Files</Filter>
    </None>
  </ItemGroup>
</Project>